
Microsoft Visual Studio Solution File, Format Version 12.00
# Visual Studio Version 16
VisualStudioVersion = 16.0.31624.102
MinimumVisualStudioVersion = 10.0.40219.1
Project("{FAE04EC0-301F-11D3-BF4B-00C04F79EFBC}") = "MovieService", "MovieService\MovieService.csproj", "{3A1130C7-7BAC-45B2-9399-7BD122A4E5FE}"
EndProject
Global
	GlobalSection(SolutionConfigurationPlatforms) = preSolution
		Debug|Any CPU = Debug|Any CPU
		Release|Any CPU = Release|Any CPU
	EndGlobalSection
	GlobalSection(ProjectConfigurationPlatforms) = postSolution
		{3A1130C7-7BAC-45B2-9399-7BD122A4E5FE}.Debug|Any CPU.ActiveCfg = Debug|Any CPU
		{3A1130C7-7BAC-45B2-9399-7BD122A4E5FE}.Debug|Any CPU.Build.0 = Debug|Any CPU
		{3A1130C7-7BAC-45B2-9399-7BD122A4E5FE}.Release|Any CPU.ActiveCfg = Release|Any CPU
		{3A1130C7-7BAC-45B2-9399-7BD122A4E5FE}.Release|Any CPU.Build.0 = Release|Any CPU
	EndGlobalSection
	GlobalSection(SolutionProperties) = preSolution
		HideSolutionNode = FALSE
	EndGlobalSection
	GlobalSection(ExtensibilityGlobals) = postSolution
		SolutionGuid = {4953B63F-B41E-4B8A-B09B-B0A0927A28ED}
	EndGlobalSection
EndGlobal
